// !$*UTF8*$!
{
	archiveVersion = 1;
	classes = {
	};
	objectVersion = 51;
	objects = {

/* Begin PBXBuildFile section */
		7C01958ADAA56AF53B27728E /* Pods_ZMarket.framework in Frameworks */ = {isa = PBXBuildFile; fileRef = 36DAF436ADCBC05776933B8D /* Pods_ZMarket.framework */; };
		EC0BB52225289C240076FC86 /* Richability.swift in Sources */ = {isa = PBXBuildFile; fileRef = EC0BB52125289C240076FC86 /* Richability.swift */; };
		EC0BB52525289C8A0076FC86 /* Downloader.swift in Sources */ = {isa = PBXBuildFile; fileRef = EC0BB52425289C8A0076FC86 /* Downloader.swift */; };
		EC0BB5622528B4480076FC86 /* ItemTableViewCell.swift in Sources */ = {isa = PBXBuildFile; fileRef = EC0BB5612528B4480076FC86 /* ItemTableViewCell.swift */; };
		EC0BB59F2528C1D40076FC86 /* HelperFunction.swift in Sources */ = {isa = PBXBuildFile; fileRef = EC0BB59E2528C1D40076FC86 /* HelperFunction.swift */; };
		EC2D2FB1256D29DF00E2BEB1 /* ItemViewController.swift in Sources */ = {isa = PBXBuildFile; fileRef = EC2D2FB0256D29DF00E2BEB1 /* ItemViewController.swift */; };
		EC2D2FB4256D528000E2BEB1 /* ImageCollectionViewCell.swift in Sources */ = {isa = PBXBuildFile; fileRef = EC2D2FB3256D527F00E2BEB1 /* ImageCollectionViewCell.swift */; };
		EC4BEFE425110C5A00CCB8B9 /* AppDelegate.swift in Sources */ = {isa = PBXBuildFile; fileRef = EC4BEFE325110C5A00CCB8B9 /* AppDelegate.swift */; };
		EC4BEFE625110C5A00CCB8B9 /* SceneDelegate.swift in Sources */ = {isa = PBXBuildFile; fileRef = EC4BEFE525110C5A00CCB8B9 /* SceneDelegate.swift */; };
		EC4BEFEB25110C5A00CCB8B9 /* Main.storyboard in Resources */ = {isa = PBXBuildFile; fileRef = EC4BEFE925110C5A00CCB8B9 /* Main.storyboard */; };
		EC4BEFED25110C5C00CCB8B9 /* Assets.xcassets in Resources */ = {isa = PBXBuildFile; fileRef = EC4BEFEC25110C5C00CCB8B9 /* Assets.xcassets */; };
		EC4BEFF025110C5C00CCB8B9 /* LaunchScreen.storyboard in Resources */ = {isa = PBXBuildFile; fileRef = EC4BEFEE25110C5C00CCB8B9 /* LaunchScreen.storyboard */; };
		EC4CF3242523555D00580DEF /* ItemsTableViewController.swift in Sources */ = {isa = PBXBuildFile; fileRef = EC4CF3232523555D00580DEF /* ItemsTableViewController.swift */; };
		EC4CF344252357A200580DEF /* Item.swift in Sources */ = {isa = PBXBuildFile; fileRef = EC4CF343252357A200580DEF /* Item.swift */; };
		EC4CF348252381B000580DEF /* AddItemViewController.swift in Sources */ = {isa = PBXBuildFile; fileRef = EC4CF347252381B000580DEF /* AddItemViewController.swift */; };
		EC630BBD25B35539003371EC /* Basket.swift in Sources */ = {isa = PBXBuildFile; fileRef = EC630BBC25B35539003371EC /* Basket.swift */; };
		EC630BC025B39CBE003371EC /* BasketViewController.swift in Sources */ = {isa = PBXBuildFile; fileRef = EC630BBF25B39CBE003371EC /* BasketViewController.swift */; };
		EC70393A25B4B0AB007B156A /* WelcomeViewController.swift in Sources */ = {isa = PBXBuildFile; fileRef = EC70393925B4B0AB007B156A /* WelcomeViewController.swift */; };
		EC70393D25B4BC8B007B156A /* MUser.swift in Sources */ = {isa = PBXBuildFile; fileRef = EC70393C25B4BC8B007B156A /* MUser.swift */; };
		ECC09335251A8B0E002830A9 /* CategoryCollectionViewController.swift in Sources */ = {isa = PBXBuildFile; fileRef = ECC09334251A8B0E002830A9 /* CategoryCollectionViewController.swift */; };
		ECC09338251A8B93002830A9 /* CategoryCollectionViewCell.swift in Sources */ = {isa = PBXBuildFile; fileRef = ECC09337251A8B93002830A9 /* CategoryCollectionViewCell.swift */; };
		ECC09359251A8E30002830A9 /* GoogleService-Info.plist in Resources */ = {isa = PBXBuildFile; fileRef = ECC09358251A8E30002830A9 /* GoogleService-Info.plist */; };
		ECC0935C251A8FBD002830A9 /* FirebaseCollectionReference.swift in Sources */ = {isa = PBXBuildFile; fileRef = ECC0935B251A8FBD002830A9 /* FirebaseCollectionReference.swift */; };
		ECC09364251A927B002830A9 /* Category.swift in Sources */ = {isa = PBXBuildFile; fileRef = ECC09363251A927B002830A9 /* Category.swift */; };
		ECC09387251A9477002830A9 /* Constants.swift in Sources */ = {isa = PBXBuildFile; fileRef = ECC09386251A9477002830A9 /* Constants.swift */; };
/* End PBXBuildFile section */

/* Begin PBXFileReference section */
		36DAF436ADCBC05776933B8D /* Pods_ZMarket.framework */ = {isa = PBXFileReference; explicitFileType = wrapper.framework; includeInIndex = 0; path = Pods_ZMarket.framework; sourceTree = BUILT_PRODUCTS_DIR; };
		6CEB1D3244CC0799DC3D1361 /* Pods-ZMarket.debug.xcconfig */ = {isa = PBXFileReference; includeInIndex = 1; lastKnownFileType = text.xcconfig; name = "Pods-ZMarket.debug.xcconfig"; path = "Target Support Files/Pods-ZMarket/Pods-ZMarket.debug.xcconfig"; sourceTree = "<group>"; };
		A550BB3D19E35320E4A047A5 /* Pods-ZMarket.release.xcconfig */ = {isa = PBXFileReference; includeInIndex = 1; lastKnownFileType = text.xcconfig; name = "Pods-ZMarket.release.xcconfig"; path = "Target Support Files/Pods-ZMarket/Pods-ZMarket.release.xcconfig"; sourceTree = "<group>"; };
		EC0BB52125289C240076FC86 /* Richability.swift */ = {isa = PBXFileReference; lastKnownFileType = sourcecode.swift; path = Richability.swift; sourceTree = "<group>"; };
		EC0BB52425289C8A0076FC86 /* Downloader.swift */ = {isa = PBXFileReference; lastKnownFileType = sourcecode.swift; path = Downloader.swift; sourceTree = "<group>"; };
		EC0BB5612528B4480076FC86 /* ItemTableViewCell.swift */ = {isa = PBXFileReference; lastKnownFileType = sourcecode.swift; path = ItemTableViewCell.swift; sourceTree = "<group>"; };
		EC0BB59E2528C1D40076FC86 /* HelperFunction.swift */ = {isa = PBXFileReference; lastKnownFileType = sourcecode.swift; path = HelperFunction.swift; sourceTree = "<group>"; };
		EC2D2FB0256D29DF00E2BEB1 /* ItemViewController.swift */ = {isa = PBXFileReference; lastKnownFileType = sourcecode.swift; path = ItemViewController.swift; sourceTree = "<group>"; };
		EC2D2FB3256D527F00E2BEB1 /* ImageCollectionViewCell.swift */ = {isa = PBXFileReference; lastKnownFileType = sourcecode.swift; path = ImageCollectionViewCell.swift; sourceTree = "<group>"; };
		EC4BEFE025110C5A00CCB8B9 /* ZMarket.app */ = {isa = PBXFileReference; explicitFileType = wrapper.application; includeInIndex = 0; path = ZMarket.app; sourceTree = BUILT_PRODUCTS_DIR; };
		EC4BEFE325110C5A00CCB8B9 /* AppDelegate.swift */ = {isa = PBXFileReference; lastKnownFileType = sourcecode.swift; path = AppDelegate.swift; sourceTree = "<group>"; };
		EC4BEFE525110C5A00CCB8B9 /* SceneDelegate.swift */ = {isa = PBXFileReference; lastKnownFileType = sourcecode.swift; path = SceneDelegate.swift; sourceTree = "<group>"; };
		EC4BEFEA25110C5A00CCB8B9 /* Base */ = {isa = PBXFileReference; lastKnownFileType = file.storyboard; name = Base; path = Base.lproj/Main.storyboard; sourceTree = "<group>"; };
		EC4BEFEC25110C5C00CCB8B9 /* Assets.xcassets */ = {isa = PBXFileReference; lastKnownFileType = folder.assetcatalog; path = Assets.xcassets; sourceTree = "<group>"; };
		EC4BEFEF25110C5C00CCB8B9 /* Base */ = {isa = PBXFileReference; lastKnownFileType = file.storyboard; name = Base; path = Base.lproj/LaunchScreen.storyboard; sourceTree = "<group>"; };
		EC4BEFF125110C5C00CCB8B9 /* Info.plist */ = {isa = PBXFileReference; lastKnownFileType = text.plist.xml; path = Info.plist; sourceTree = "<group>"; };
		EC4CF3232523555D00580DEF /* ItemsTableViewController.swift */ = {isa = PBXFileReference; lastKnownFileType = sourcecode.swift; path = ItemsTableViewController.swift; sourceTree = "<group>"; };
		EC4CF343252357A200580DEF /* Item.swift */ = {isa = PBXFileReference; lastKnownFileType = sourcecode.swift; path = Item.swift; sourceTree = "<group>"; };
		EC4CF347252381B000580DEF /* AddItemViewController.swift */ = {isa = PBXFileReference; lastKnownFileType = sourcecode.swift; path = AddItemViewController.swift; sourceTree = "<group>"; };
		EC630BBC25B35539003371EC /* Basket.swift */ = {isa = PBXFileReference; lastKnownFileType = sourcecode.swift; path = Basket.swift; sourceTree = "<group>"; };
		EC630BBF25B39CBE003371EC /* BasketViewController.swift */ = {isa = PBXFileReference; lastKnownFileType = sourcecode.swift; path = BasketViewController.swift; sourceTree = "<group>"; };
		EC70393925B4B0AB007B156A /* WelcomeViewController.swift */ = {isa = PBXFileReference; lastKnownFileType = sourcecode.swift; path = WelcomeViewController.swift; sourceTree = "<group>"; };
		EC70393C25B4BC8B007B156A /* MUser.swift */ = {isa = PBXFileReference; lastKnownFileType = sourcecode.swift; path = MUser.swift; sourceTree = "<group>"; };
		ECC09334251A8B0E002830A9 /* CategoryCollectionViewController.swift */ = {isa = PBXFileReference; lastKnownFileType = sourcecode.swift; path = CategoryCollectionViewController.swift; sourceTree = "<group>"; };
		ECC09337251A8B93002830A9 /* CategoryCollectionViewCell.swift */ = {isa = PBXFileReference; lastKnownFileType = sourcecode.swift; path = CategoryCollectionViewCell.swift; sourceTree = "<group>"; };
		ECC09358251A8E30002830A9 /* GoogleService-Info.plist */ = {isa = PBXFileReference; fileEncoding = 4; lastKnownFileType = text.plist.xml; path = "GoogleService-Info.plist"; sourceTree = "<group>"; };
		ECC0935B251A8FBD002830A9 /* FirebaseCollectionReference.swift */ = {isa = PBXFileReference; lastKnownFileType = sourcecode.swift; path = FirebaseCollectionReference.swift; sourceTree = "<group>"; };
		ECC09363251A927B002830A9 /* Category.swift */ = {isa = PBXFileReference; lastKnownFileType = sourcecode.swift; path = Category.swift; sourceTree = "<group>"; };
		ECC09386251A9477002830A9 /* Constants.swift */ = {isa = PBXFileReference; lastKnownFileType = sourcecode.swift; path = Constants.swift; sourceTree = "<group>"; };
/* End PBXFileReference section */

/* Begin PBXFrameworksBuildPhase section */
		EC4BEFDD25110C5A00CCB8B9 /* Frameworks */ = {
			isa = PBXFrameworksBuildPhase;
			buildActionMask = 2147483647;
			files = (
				7C01958ADAA56AF53B27728E /* Pods_ZMarket.framework in Frameworks */,
			);
			runOnlyForDeploymentPostprocessing = 0;
		};
/* End PBXFrameworksBuildPhase section */

/* Begin PBXGroup section */
		EBA7442B5AD98FC3B3AA9C3F /* Pods */ = {
			isa = PBXGroup;
			children = (
				6CEB1D3244CC0799DC3D1361 /* Pods-ZMarket.debug.xcconfig */,
				A550BB3D19E35320E4A047A5 /* Pods-ZMarket.release.xcconfig */,
			);
			path = Pods;
			sourceTree = "<group>";
		};
		EC4BEFD725110C5A00CCB8B9 = {
			isa = PBXGroup;
			children = (
				EC4BEFE225110C5A00CCB8B9 /* ZMarket */,
				EC4BEFE125110C5A00CCB8B9 /* Products */,
				EBA7442B5AD98FC3B3AA9C3F /* Pods */,
				F80F6A19A88A1DC0A2459118 /* Frameworks */,
			);
			sourceTree = "<group>";
		};
		EC4BEFE125110C5A00CCB8B9 /* Products */ = {
			isa = PBXGroup;
			children = (
				EC4BEFE025110C5A00CCB8B9 /* ZMarket.app */,
			);
			name = Products;
			sourceTree = "<group>";
		};
		EC4BEFE225110C5A00CCB8B9 /* ZMarket */ = {
			isa = PBXGroup;
			children = (
				EC4BEFE325110C5A00CCB8B9 /* AppDelegate.swift */,
				EC4BEFE525110C5A00CCB8B9 /* SceneDelegate.swift */,
				EC4BEFE925110C5A00CCB8B9 /* Main.storyboard */,
				EC4BEFEC25110C5C00CCB8B9 /* Assets.xcassets */,
				EC4BEFEE25110C5C00CCB8B9 /* LaunchScreen.storyboard */,
				ECC09366251A9285002830A9 /* Model */,
				ECC0935F251A91EE002830A9 /* View Controllers */,
				ECC09360251A920E002830A9 /* Views */,
				ECC0935E251A91E1002830A9 /* Helpers */,
			);
			path = ZMarket;
			sourceTree = "<group>";
		};
		ECC0935E251A91E1002830A9 /* Helpers */ = {
			isa = PBXGroup;
			children = (
				ECC0935B251A8FBD002830A9 /* FirebaseCollectionReference.swift */,
				ECC09386251A9477002830A9 /* Constants.swift */,
				EC0BB52125289C240076FC86 /* Richability.swift */,
				EC0BB52425289C8A0076FC86 /* Downloader.swift */,
				EC0BB59E2528C1D40076FC86 /* HelperFunction.swift */,
				ECC09362251A9240002830A9 /* Supporting Files */,
			);
			path = Helpers;
			sourceTree = "<group>";
		};
		ECC0935F251A91EE002830A9 /* View Controllers */ = {
			isa = PBXGroup;
			children = (
				ECC09334251A8B0E002830A9 /* CategoryCollectionViewController.swift */,
				EC4CF3232523555D00580DEF /* ItemsTableViewController.swift */,
				EC4CF347252381B000580DEF /* AddItemViewController.swift */,
				EC2D2FB0256D29DF00E2BEB1 /* ItemViewController.swift */,
				EC630BBF25B39CBE003371EC /* BasketViewController.swift */,
				EC70393925B4B0AB007B156A /* WelcomeViewController.swift */,
			);
			path = "View Controllers";
			sourceTree = "<group>";
		};
		ECC09360251A920E002830A9 /* Views */ = {
			isa = PBXGroup;
			children = (
				ECC09361251A9215002830A9 /* Cells */,
			);
			path = Views;
			sourceTree = "<group>";
		};
		ECC09361251A9215002830A9 /* Cells */ = {
			isa = PBXGroup;
			children = (
				ECC09337251A8B93002830A9 /* CategoryCollectionViewCell.swift */,
				EC0BB5612528B4480076FC86 /* ItemTableViewCell.swift */,
				EC2D2FB3256D527F00E2BEB1 /* ImageCollectionViewCell.swift */,
			);
			path = Cells;
			sourceTree = "<group>";
		};
		ECC09362251A9240002830A9 /* Supporting Files */ = {
			isa = PBXGroup;
			children = (
				EC4BEFF125110C5C00CCB8B9 /* Info.plist */,
				ECC09358251A8E30002830A9 /* GoogleService-Info.plist */,
			);
			path = "Supporting Files";
			sourceTree = "<group>";
		};
		ECC09366251A9285002830A9 /* Model */ = {
			isa = PBXGroup;
			children = (
				ECC09363251A927B002830A9 /* Category.swift */,
				EC4CF343252357A200580DEF /* Item.swift */,
				EC630BBC25B35539003371EC /* Basket.swift */,
				EC70393C25B4BC8B007B156A /* MUser.swift */,
			);
			path = Model;
			sourceTree = "<group>";
		};
		F80F6A19A88A1DC0A2459118 /* Frameworks */ = {
			isa = PBXGroup;
			children = (
				36DAF436ADCBC05776933B8D /* Pods_ZMarket.framework */,
			);
			name = Frameworks;
			sourceTree = "<group>";
		};
/* End PBXGroup section */

/* Begin PBXNativeTarget section */
		EC4BEFDF25110C5A00CCB8B9 /* ZMarket */ = {
			isa = PBXNativeTarget;
			buildConfigurationList = EC4BEFF425110C5C00CCB8B9 /* Build configuration list for PBXNativeTarget "ZMarket" */;
			buildPhases = (
				65771414317F01AF7EBFB48F /* [CP] Check Pods Manifest.lock */,
				EC4BEFDC25110C5A00CCB8B9 /* Sources */,
				EC4BEFDD25110C5A00CCB8B9 /* Frameworks */,
				EC4BEFDE25110C5A00CCB8B9 /* Resources */,
				CD0105D2BE53056D2A3104E9 /* [CP] Embed Pods Frameworks */,
			);
			buildRules = (
			);
			dependencies = (
			);
			name = ZMarket;
			productName = ZMarket;
			productReference = EC4BEFE025110C5A00CCB8B9 /* ZMarket.app */;
			productType = "com.apple.product-type.application";
		};
/* End PBXNativeTarget section */

/* Begin PBXProject section */
		EC4BEFD825110C5A00CCB8B9 /* Project object */ = {
			isa = PBXProject;
			attributes = {
				LastSwiftUpdateCheck = 1170;
				LastUpgradeCheck = 1170;
				ORGANIZATIONNAME = "Zouhair Sassi";
				TargetAttributes = {
					EC4BEFDF25110C5A00CCB8B9 = {
						CreatedOnToolsVersion = 11.7;
					};
				};
			};
			buildConfigurationList = EC4BEFDB25110C5A00CCB8B9 /* Build configuration list for PBXProject "ZMarket" */;
			compatibilityVersion = "Xcode 9.3";
			developmentRegion = en;
			hasScannedForEncodings = 0;
			knownRegions = (
				en,
				Base,
			);
			mainGroup = EC4BEFD725110C5A00CCB8B9;
			productRefGroup = EC4BEFE125110C5A00CCB8B9 /* Products */;
			projectDirPath = "";
			projectRoot = "";
			targets = (
				EC4BEFDF25110C5A00CCB8B9 /* ZMarket */,
			);
		};
/* End PBXProject section */

/* Begin PBXResourcesBuildPhase section */
		EC4BEFDE25110C5A00CCB8B9 /* Resources */ = {
			isa = PBXResourcesBuildPhase;
			buildActionMask = 2147483647;
			files = (
				EC4BEFF025110C5C00CCB8B9 /* LaunchScreen.storyboard in Resources */,
				ECC09359251A8E30002830A9 /* GoogleService-Info.plist in Resources */,
				EC4BEFED25110C5C00CCB8B9 /* Assets.xcassets in Resources */,
				EC4BEFEB25110C5A00CCB8B9 /* Main.storyboard in Resources */,
			);
			runOnlyForDeploymentPostprocessing = 0;
		};
/* End PBXResourcesBuildPhase section */

/* Begin PBXShellScriptBuildPhase section */
		65771414317F01AF7EBFB48F /* [CP] Check Pods Manifest.lock */ = {
			isa = PBXShellScriptBuildPhase;
			buildActionMask = 2147483647;
			files = (
			);
			inputFileListPaths = (
			);
			inputPaths = (
				"${PODS_PODFILE_DIR_PATH}/Podfile.lock",
				"${PODS_ROOT}/Manifest.lock",
			);
			name = "[CP] Check Pods Manifest.lock";
			outputFileListPaths = (
			);
			outputPaths = (
				"$(DERIVED_FILE_DIR)/Pods-ZMarket-checkManifestLockResult.txt",
			);
			runOnlyForDeploymentPostprocessing = 0;
			shellPath = /bin/sh;
			shellScript = "diff \"${PODS_PODFILE_DIR_PATH}/Podfile.lock\" \"${PODS_ROOT}/Manifest.lock\" > /dev/null\nif [ $? != 0 ] ; then\n    # print error to STDERR\n    echo \"error: The sandbox is not in sync with the Podfile.lock. Run 'pod install' or update your CocoaPods installation.\" >&2\n    exit 1\nfi\n# This output is used by Xcode 'outputs' to avoid re-running this script phase.\necho \"SUCCESS\" > \"${SCRIPT_OUTPUT_FILE_0}\"\n";
			showEnvVarsInLog = 0;
		};
		CD0105D2BE53056D2A3104E9 /* [CP] Embed Pods Frameworks */ = {
			isa = PBXShellScriptBuildPhase;
			buildActionMask = 2147483647;
			files = (
			);
			inputFileListPaths = (
				"${PODS_ROOT}/Target Support Files/Pods-ZMarket/Pods-ZMarket-frameworks-${CONFIGURATION}-input-files.xcfilelist",
			);
			name = "[CP] Embed Pods Frameworks";
			outputFileListPaths = (
				"${PODS_ROOT}/Target Support Files/Pods-ZMarket/Pods-ZMarket-frameworks-${CONFIGURATION}-output-files.xcfilelist",
			);
			runOnlyForDeploymentPostprocessing = 0;
			shellPath = /bin/sh;
			shellScript = "\"${PODS_ROOT}/Target Support Files/Pods-ZMarket/Pods-ZMarket-frameworks.sh\"\n";
			showEnvVarsInLog = 0;
		};
/* End PBXShellScriptBuildPhase section */

/* Begin PBXSourcesBuildPhase section */
		EC4BEFDC25110C5A00CCB8B9 /* Sources */ = {
			isa = PBXSourcesBuildPhase;
			buildActionMask = 2147483647;
			files = (
				EC630BC025B39CBE003371EC /* BasketViewController.swift in Sources */,
				ECC09338251A8B93002830A9 /* CategoryCollectionViewCell.swift in Sources */,
				EC4CF344252357A200580DEF /* Item.swift in Sources */,
				EC2D2FB4256D528000E2BEB1 /* ImageCollectionViewCell.swift in Sources */,
				EC2D2FB1256D29DF00E2BEB1 /* ItemViewController.swift in Sources */,
				EC0BB52525289C8A0076FC86 /* Downloader.swift in Sources */,
				EC4BEFE425110C5A00CCB8B9 /* AppDelegate.swift in Sources */,
				EC4CF3242523555D00580DEF /* ItemsTableViewController.swift in Sources */,
				ECC0935C251A8FBD002830A9 /* FirebaseCollectionReference.swift in Sources */,
				EC630BBD25B35539003371EC /* Basket.swift in Sources */,
				EC0BB5622528B4480076FC86 /* ItemTableViewCell.swift in Sources */,
				EC4CF348252381B000580DEF /* AddItemViewController.swift in Sources */,
				EC4BEFE625110C5A00CCB8B9 /* SceneDelegate.swift in Sources */,
				EC0BB59F2528C1D40076FC86 /* HelperFunction.swift in Sources */,
				ECC09387251A9477002830A9 /* Constants.swift in Sources */,
				EC0BB52225289C240076FC86 /* Richability.swift in Sources */,
				ECC09335251A8B0E002830A9 /* CategoryCollectionViewController.swift in Sources */,
				ECC09364251A927B002830A9 /* Category.swift in Sources */,
				EC70393D25B4BC8B007B156A /* MUser.swift in Sources */,
				EC70393A25B4B0AB007B156A /* WelcomeViewController.swift in Sources */,
			);
			runOnlyForDeploymentPostprocessing = 0;
		};
/* End PBXSourcesBuildPhase section */

/* Begin PBXVariantGroup section */
		EC4BEFE925110C5A00CCB8B9 /* Main.storyboard */ = {
			isa = PBXVariantGroup;
			children = (
				EC4BEFEA25110C5A00CCB8B9 /* Base */,
			);
			name = Main.storyboard;
			sourceTree = "<group>";
		};
		EC4BEFEE25110C5C00CCB8B9 /* LaunchScreen.storyboard */ = {
			isa = PBXVariantGroup;
			children = (
				EC4BEFEF25110C5C00CCB8B9 /* Base */,
			);
			name = LaunchScreen.storyboard;
			sourceTree = "<group>";
		};
/* End PBXVariantGroup section */

/* Begin XCBuildConfiguration section */
		EC4BEFF225110C5C00CCB8B9 /* Debug */ = {
			isa = XCBuildConfiguration;
			buildSettings = {
				ALWAYS_SEARCH_USER_PATHS = NO;
				CLANG_ANALYZER_NONNULL = YES;
				CLANG_ANALYZER_NUMBER_OBJECT_CONVERSION = YES_AGGRESSIVE;
				CLANG_CXX_LANGUAGE_STANDARD = "gnu++14";
				CLANG_CXX_LIBRARY = "libc++";
				CLANG_ENABLE_MODULES = YES;
				CLANG_ENABLE_OBJC_ARC = YES;
				CLANG_ENABLE_OBJC_WEAK = YES;
				CLANG_WARN_BLOCK_CAPTURE_AUTORELEASING = YES;
				CLANG_WARN_BOOL_CONVERSION = YES;
				CLANG_WARN_COMMA = YES;
				CLANG_WARN_CONSTANT_CONVERSION = YES;
				CLANG_WARN_DEPRECATED_OBJC_IMPLEMENTATIONS = YES;
				CLANG_WARN_DIRECT_OBJC_ISA_USAGE = YES_ERROR;
				CLANG_WARN_DOCUMENTATION_COMMENTS = YES;
				CLANG_WARN_EMPTY_BODY = YES;
				CLANG_WARN_ENUM_CONVERSION = YES;
				CLANG_WARN_INFINITE_RECURSION = YES;
				CLANG_WARN_INT_CONVERSION = YES;
				CLANG_WARN_NON_LITERAL_NULL_CONVERSION = YES;
				CLANG_WARN_OBJC_IMPLICIT_RETAIN_SELF = YES;
				CLANG_WARN_OBJC_LITERAL_CONVERSION = YES;
				CLANG_WARN_OBJC_ROOT_CLASS = YES_ERROR;
				CLANG_WARN_RANGE_LOOP_ANALYSIS = YES;
				CLANG_WARN_STRICT_PROTOTYPES = YES;
				CLANG_WARN_SUSPICIOUS_MOVE = YES;
				CLANG_WARN_UNGUARDED_AVAILABILITY = YES_AGGRESSIVE;
				CLANG_WARN_UNREACHABLE_CODE = YES;
				CLANG_WARN__DUPLICATE_METHOD_MATCH = YES;
				COPY_PHASE_STRIP = NO;
				DEBUG_INFORMATION_FORMAT = dwarf;
				ENABLE_STRICT_OBJC_MSGSEND = YES;
				ENABLE_TESTABILITY = YES;
				GCC_C_LANGUAGE_STANDARD = gnu11;
				GCC_DYNAMIC_NO_PIC = NO;
				GCC_NO_COMMON_BLOCKS = YES;
				GCC_OPTIMIZATION_LEVEL = 0;
				GCC_PREPROCESSOR_DEFINITIONS = (
					"DEBUG=1",
					"$(inherited)",
				);
				GCC_WARN_64_TO_32_BIT_CONVERSION = YES;
				GCC_WARN_ABOUT_RETURN_TYPE = YES_ERROR;
				GCC_WARN_UNDECLARED_SELECTOR = YES;
				GCC_WARN_UNINITIALIZED_AUTOS = YES_AGGRESSIVE;
				GCC_WARN_UNUSED_FUNCTION = YES;
				GCC_WARN_UNUSED_VARIABLE = YES;
				IPHONEOS_DEPLOYMENT_TARGET = 13.7;
				MTL_ENABLE_DEBUG_INFO = INCLUDE_SOURCE;
				MTL_FAST_MATH = YES;
				ONLY_ACTIVE_ARCH = YES;
				SDKROOT = iphoneos;
				SWIFT_ACTIVE_COMPILATION_CONDITIONS = DEBUG;
				SWIFT_OPTIMIZATION_LEVEL = "-Onone";
			};
			name = Debug;
		};
		EC4BEFF325110C5C00CCB8B9 /* Release */ = {
			isa = XCBuildConfiguration;
			buildSettings = {
				ALWAYS_SEARCH_USER_PATHS = NO;
				CLANG_ANALYZER_NONNULL = YES;
				CLANG_ANALYZER_NUMBER_OBJECT_CONVERSION = YES_AGGRESSIVE;
				CLANG_CXX_LANGUAGE_STANDARD = "gnu++14";
				CLANG_CXX_LIBRARY = "libc++";
				CLANG_ENABLE_MODULES = YES;
				CLANG_ENABLE_OBJC_ARC = YES;
				CLANG_ENABLE_OBJC_WEAK = YES;
				CLANG_WARN_BLOCK_CAPTURE_AUTORELEASING = YES;
				CLANG_WARN_BOOL_CONVERSION = YES;
				CLANG_WARN_COMMA = YES;
				CLANG_WARN_CONSTANT_CONVERSION = YES;
				CLANG_WARN_DEPRECATED_OBJC_IMPLEMENTATIONS = YES;
				CLANG_WARN_DIRECT_OBJC_ISA_USAGE = YES_ERROR;
				CLANG_WARN_DOCUMENTATION_COMMENTS = YES;
				CLANG_WARN_EMPTY_BODY = YES;
				CLANG_WARN_ENUM_CONVERSION = YES;
				CLANG_WARN_INFINITE_RECURSION = YES;
				CLANG_WARN_INT_CONVERSION = YES;
				CLANG_WARN_NON_LITERAL_NULL_CONVERSION = YES;
				CLANG_WARN_OBJC_IMPLICIT_RETAIN_SELF = YES;
				CLANG_WARN_OBJC_LITERAL_CONVERSION = YES;
				CLANG_WARN_OBJC_ROOT_CLASS = YES_ERROR;
				CLANG_WARN_RANGE_LOOP_ANALYSIS = YES;
				CLANG_WARN_STRICT_PROTOTYPES = YES;
				CLANG_WARN_SUSPICIOUS_MOVE = YES;
				CLANG_WARN_UNGUARDED_AVAILABILITY = YES_AGGRESSIVE;
				CLANG_WARN_UNREACHABLE_CODE = YES;
				CLANG_WARN__DUPLICATE_METHOD_MATCH = YES;
				COPY_PHASE_STRIP = NO;
				DEBUG_INFORMATION_FORMAT = "dwarf-with-dsym";
				ENABLE_NS_ASSERTIONS = NO;
				ENABLE_STRICT_OBJC_MSGSEND = YES;
				GCC_C_LANGUAGE_STANDARD = gnu11;
				GCC_NO_COMMON_BLOCKS = YES;
				GCC_WARN_64_TO_32_BIT_CONVERSION = YES;
				GCC_WARN_ABOUT_RETURN_TYPE = YES_ERROR;
				GCC_WARN_UNDECLARED_SELECTOR = YES;
				GCC_WARN_UNINITIALIZED_AUTOS = YES_AGGRESSIVE;
				GCC_WARN_UNUSED_FUNCTION = YES;
				GCC_WARN_UNUSED_VARIABLE = YES;
				IPHONEOS_DEPLOYMENT_TARGET = 13.7;
				MTL_ENABLE_DEBUG_INFO = NO;
				MTL_FAST_MATH = YES;
				SDKROOT = iphoneos;
				SWIFT_COMPILATION_MODE = wholemodule;
				SWIFT_OPTIMIZATION_LEVEL = "-O";
				VALIDATE_PRODUCT = YES;
			};
			name = Release;
		};
		EC4BEFF525110C5C00CCB8B9 /* Debug */ = {
			isa = XCBuildConfiguration;
			baseConfigurationReference = 6CEB1D3244CC0799DC3D1361 /* Pods-ZMarket.debug.xcconfig */;
			buildSettings = {
				ASSETCATALOG_COMPILER_APPICON_NAME = AppIcon;
				CODE_SIGN_STYLE = Automatic;
				DEVELOPMENT_TEAM = X4T3WLUFG7;
				INFOPLIST_FILE = "ZMarket/Helpers/Supporting Files/Info.plist";
				LD_RUNPATH_SEARCH_PATHS = (
					"$(inherited)",
					"@executable_path/Frameworks",
				);
				PRODUCT_BUNDLE_IDENTIFIER = com.ZMarket.market;
				PRODUCT_NAME = "$(TARGET_NAME)";
				SWIFT_VERSION = 5.0;
				TARGETED_DEVICE_FAMILY = "1,2";
			};
			name = Debug;
		};
		EC4BEFF625110C5C00CCB8B9 /* Release */ = {
			isa = XCBuildConfiguration;
			baseConfigurationReference = A550BB3D19E35320E4A047A5 /* Pods-ZMarket.release.xcconfig */;
			buildSettings = {
				ASSETCATALOG_COMPILER_APPICON_NAME = AppIcon;
				CODE_SIGN_STYLE = Automatic;
				DEVELOPMENT_TEAM = X4T3WLUFG7;
				INFOPLIST_FILE = "ZMarket/Helpers/Supporting Files/Info.plist";
				LD_RUNPATH_SEARCH_PATHS = (
					"$(inherited)",
					"@executable_path/Frameworks",
				);
				PRODUCT_BUNDLE_IDENTIFIER = com.ZMarket.market;
				PRODUCT_NAME = "$(TARGET_NAME)";
				SWIFT_VERSION = 5.0;
				TARGETED_DEVICE_FAMILY = "1,2";
			};
			name = Release;
		};
/* End XCBuildConfiguration section */

/* Begin XCConfigurationList section */
		EC4BEFDB25110C5A00CCB8B9 /* Build configuration list for PBXProject "ZMarket" */ = {
			isa = XCConfigurationList;
			buildConfigurations = (
				EC4BEFF225110C5C00CCB8B9 /* Debug */,
				EC4BEFF325110C5C00CCB8B9 /* Release */,
			);
			defaultConfigurationIsVisible = 0;
			defaultConfigurationName = Release;
		};
		EC4BEFF425110C5C00CCB8B9 /* Build configuration list for PBXNativeTarget "ZMarket" */ = {
			isa = XCConfigurationList;
			buildConfigurations = (
				EC4BEFF525110C5C00CCB8B9 /* Debug */,
				EC4BEFF625110C5C00CCB8B9 /* Release */,
			);
			defaultConfigurationIsVisible = 0;
			defaultConfigurationName = Release;
		};
/* End XCConfigurationList section */
	};
	rootObject = EC4BEFD825110C5A00CCB8B9 /* Project object */;
}
